
Microsoft Visual Studio Solution File, Format Version 12.00
# Visual Studio Version 17
VisualStudioVersion = 17.14.35821.62 d17.14
MinimumVisualStudioVersion = 10.0.40219.1
Project("{FAE04EC0-301F-11D3-BF4B-00C04F79EFBC}") = "Module.13.HW.Test.List.Insert", "Module.13.HW.Test.List.Insert\Module.13.HW.Test.List.Insert.csproj", "{9DEE4EB4-BA57-4939-89CB-119F0C333A0C}"
EndProject
Global
	GlobalSection(SolutionConfigurationPlatforms) = preSolution
		Debug|Any CPU = Debug|Any CPU
		Release|Any CPU = Release|Any CPU
	EndGlobalSection
	GlobalSection(ProjectConfigurationPlatforms) = postSolution
		{9DEE4EB4-BA57-4939-89CB-119F0C333A0C}.Debug|Any CPU.ActiveCfg = Debug|Any CPU
		{9DEE4EB4-BA57-4939-89CB-119F0C333A0C}.Debug|Any CPU.Build.0 = Debug|Any CPU
		{9DEE4EB4-BA57-4939-89CB-119F0C333A0C}.Release|Any CPU.ActiveCfg = Release|Any CPU
		{9DEE4EB4-BA57-4939-89CB-119F0C333A0C}.Release|Any CPU.Build.0 = Release|Any CPU
	EndGlobalSection
	GlobalSection(SolutionProperties) = preSolution
		HideSolutionNode = FALSE
	EndGlobalSection
	GlobalSection(ExtensibilityGlobals) = postSolution
		SolutionGuid = {F04BFBF1-0157-4E0E-AEB1-104C01CB8253}
	EndGlobalSection
EndGlobal
